// !$*UTF8*$!
{
	archiveVersion = 1;
	classes = {
	};
	objectVersion = 50;
	objects = {

/* Begin PBXBuildFile section */
		BC7D409925E4A97C002ABF23 /* VoodooUSBHostProvider.cpp in Sources */ = {isa = PBXBuildFile; fileRef = BC7D409625E4A97C002ABF23 /* VoodooUSBHostProvider.cpp */; };
		BC7D409B25E4A97C002ABF23 /* VoodooUSBProvider.h in Headers */ = {isa = PBXBuildFile; fileRef = BC7D409825E4A97C002ABF23 /* VoodooUSBProvider.h */; };
		BC7D409D25E4ACCA002ABF23 /* MacKernelSDK in Resources */ = {isa = PBXBuildFile; fileRef = BC7D409C25E4ACC9002ABF23 /* MacKernelSDK */; };
		BC7D409F25E5E933002ABF23 /* VoodooHCI.h in Headers */ = {isa = PBXBuildFile; fileRef = BC7D409E25E5E933002ABF23 /* VoodooHCI.h */; };
		BC7D40AF25E61AE6002ABF23 /* VoodooHCI.h in Headers */ = {isa = PBXBuildFile; fileRef = BC7D409E25E5E933002ABF23 /* VoodooHCI.h */; };
		BC7D40B025E61AE6002ABF23 /* VoodooUSBProvider.h in Headers */ = {isa = PBXBuildFile; fileRef = BC7D409825E4A97C002ABF23 /* VoodooUSBProvider.h */; };
		BC7D40B125E61AFD002ABF23 /* VodooUSBProvider.cpp in Sources */ = {isa = PBXBuildFile; fileRef = BC7D409725E4A97C002ABF23 /* VodooUSBProvider.cpp */; };
		BC7D40C125E61D11002ABF23 /* VoodooHCI.h in Headers */ = {isa = PBXBuildFile; fileRef = BC7D409E25E5E933002ABF23 /* VoodooHCI.h */; };
		BC7D40C225E61D11002ABF23 /* VoodooUSBProvider.h in Headers */ = {isa = PBXBuildFile; fileRef = BC7D409825E4A97C002ABF23 /* VoodooUSBProvider.h */; };
		BC7D40C325E61D17002ABF23 /* VoodooUSBHostProvider.cpp in Sources */ = {isa = PBXBuildFile; fileRef = BC7D409625E4A97C002ABF23 /* VoodooUSBHostProvider.cpp */; };
		BC7D40C525E61F9B002ABF23 /* Common.h in Headers */ = {isa = PBXBuildFile; fileRef = BC7D40C425E61F9B002ABF23 /* Common.h */; };
		BC7D40C625E61F9B002ABF23 /* Common.h in Headers */ = {isa = PBXBuildFile; fileRef = BC7D40C425E61F9B002ABF23 /* Common.h */; };
		BC7D40C725E61F9B002ABF23 /* Common.h in Headers */ = {isa = PBXBuildFile; fileRef = BC7D40C425E61F9B002ABF23 /* Common.h */; };
/* End PBXBuildFile section */

/* Begin PBXFileReference section */
		BC7D408925E4A880002ABF23 /* VoodooUSBProvider15.kext */ = {isa = PBXFileReference; explicitFileType = wrapper.cfbundle; includeInIndex = 0; path = VoodooUSBProvider15.kext; sourceTree = BUILT_PRODUCTS_DIR; };
		BC7D409025E4A880002ABF23 /* Info.plist */ = {isa = PBXFileReference; lastKnownFileType = text.plist.xml; path = Info.plist; sourceTree = "<group>"; };
		BC7D409625E4A97C002ABF23 /* VoodooUSBHostProvider.cpp */ = {isa = PBXFileReference; fileEncoding = 4; lastKnownFileType = sourcecode.cpp.cpp; path = VoodooUSBHostProvider.cpp; sourceTree = "<group>"; };
		BC7D409725E4A97C002ABF23 /* VodooUSBProvider.cpp */ = {isa = PBXFileReference; fileEncoding = 4; lastKnownFileType = sourcecode.cpp.cpp; path = VodooUSBProvider.cpp; sourceTree = "<group>"; };
		BC7D409825E4A97C002ABF23 /* VoodooUSBProvider.h */ = {isa = PBXFileReference; fileEncoding = 4; lastKnownFileType = sourcecode.c.h; path = VoodooUSBProvider.h; sourceTree = "<group>"; };
		BC7D409C25E4ACC9002ABF23 /* MacKernelSDK */ = {isa = PBXFileReference; lastKnownFileType = folder; path = MacKernelSDK; sourceTree = "<group>"; };
		BC7D409E25E5E933002ABF23 /* VoodooHCI.h */ = {isa = PBXFileReference; lastKnownFileType = sourcecode.c.h; path = VoodooHCI.h; sourceTree = "<group>"; };
		BC7D40A525E61AB0002ABF23 /* VoodooUSBProvider8.kext */ = {isa = PBXFileReference; explicitFileType = wrapper.cfbundle; includeInIndex = 0; path = VoodooUSBProvider8.kext; sourceTree = BUILT_PRODUCTS_DIR; };
		BC7D40B725E61C7C002ABF23 /* VoodooUSBProvider11.kext */ = {isa = PBXFileReference; explicitFileType = wrapper.cfbundle; includeInIndex = 0; path = VoodooUSBProvider11.kext; sourceTree = BUILT_PRODUCTS_DIR; };
		BC7D40C425E61F9B002ABF23 /* Common.h */ = {isa = PBXFileReference; lastKnownFileType = sourcecode.c.h; path = Common.h; sourceTree = "<group>"; };
		BC7D410B25E6A05A002ABF23 /* README.md */ = {isa = PBXFileReference; lastKnownFileType = net.daringfireball.markdown; path = README.md; sourceTree = "<group>"; };
/* End PBXFileReference section */

/* Begin PBXFrameworksBuildPhase section */
		BC7D408625E4A880002ABF23 /* Frameworks */ = {
			isa = PBXFrameworksBuildPhase;
			buildActionMask = 2147483647;
			files = (
			);
			runOnlyForDeploymentPostprocessing = 0;
		};
		BC7D40A225E61AB0002ABF23 /* Frameworks */ = {
			isa = PBXFrameworksBuildPhase;
			buildActionMask = 2147483647;
			files = (
			);
			runOnlyForDeploymentPostprocessing = 0;
		};
		BC7D40B425E61C7C002ABF23 /* Frameworks */ = {
			isa = PBXFrameworksBuildPhase;
			buildActionMask = 2147483647;
			files = (
			);
			runOnlyForDeploymentPostprocessing = 0;
		};
/* End PBXFrameworksBuildPhase section */

/* Begin PBXGroup section */
		BC7D407F25E4A880002ABF23 = {
			isa = PBXGroup;
			children = (
				BC7D410B25E6A05A002ABF23 /* README.md */,
				BC7D409C25E4ACC9002ABF23 /* MacKernelSDK */,
				BC7D408B25E4A880002ABF23 /* VoodooUSBProvider */,
				BC7D408A25E4A880002ABF23 /* Products */,
			);
			sourceTree = "<group>";
		};
		BC7D408A25E4A880002ABF23 /* Products */ = {
			isa = PBXGroup;
			children = (
				BC7D408925E4A880002ABF23 /* VoodooUSBProvider15.kext */,
				BC7D40A525E61AB0002ABF23 /* VoodooUSBProvider8.kext */,
				BC7D40B725E61C7C002ABF23 /* VoodooUSBProvider11.kext */,
			);
			name = Products;
			sourceTree = "<group>";
		};
		BC7D408B25E4A880002ABF23 /* VoodooUSBProvider */ = {
			isa = PBXGroup;
			children = (
				BC7D40C425E61F9B002ABF23 /* Common.h */,
				BC7D409E25E5E933002ABF23 /* VoodooHCI.h */,
				BC7D409825E4A97C002ABF23 /* VoodooUSBProvider.h */,
				BC7D409625E4A97C002ABF23 /* VoodooUSBHostProvider.cpp */,
				BC7D409725E4A97C002ABF23 /* VodooUSBProvider.cpp */,
				BC7D409025E4A880002ABF23 /* Info.plist */,
			);
			path = VoodooUSBProvider;
			sourceTree = "<group>";
		};
/* End PBXGroup section */

/* Begin PBXHeadersBuildPhase section */
		BC7D408425E4A880002ABF23 /* Headers */ = {
			isa = PBXHeadersBuildPhase;
			buildActionMask = 2147483647;
			files = (
				BC7D40C525E61F9B002ABF23 /* Common.h in Headers */,
				BC7D409B25E4A97C002ABF23 /* VoodooUSBProvider.h in Headers */,
				BC7D409F25E5E933002ABF23 /* VoodooHCI.h in Headers */,
			);
			runOnlyForDeploymentPostprocessing = 0;
		};
		BC7D40A025E61AB0002ABF23 /* Headers */ = {
			isa = PBXHeadersBuildPhase;
			buildActionMask = 2147483647;
			files = (
				BC7D40C725E61F9B002ABF23 /* Common.h in Headers */,
				BC7D40AF25E61AE6002ABF23 /* VoodooHCI.h in Headers */,
				BC7D40B025E61AE6002ABF23 /* VoodooUSBProvider.h in Headers */,
			);
			runOnlyForDeploymentPostprocessing = 0;
		};
		BC7D40B225E61C7C002ABF23 /* Headers */ = {
			isa = PBXHeadersBuildPhase;
			buildActionMask = 2147483647;
			files = (
				BC7D40C625E61F9B002ABF23 /* Common.h in Headers */,
				BC7D40C125E61D11002ABF23 /* VoodooHCI.h in Headers */,
				BC7D40C225E61D11002ABF23 /* VoodooUSBProvider.h in Headers */,
			);
			runOnlyForDeploymentPostprocessing = 0;
		};
/* End PBXHeadersBuildPhase section */

/* Begin PBXNativeTarget section */
		BC7D408825E4A880002ABF23 /* VoodooUSBProvider15 */ = {
			isa = PBXNativeTarget;
			buildConfigurationList = BC7D409325E4A880002ABF23 /* Build configuration list for PBXNativeTarget "VoodooUSBProvider15" */;
			buildPhases = (
				BC7D408425E4A880002ABF23 /* Headers */,
				BC7D408525E4A880002ABF23 /* Sources */,
				BC7D408625E4A880002ABF23 /* Frameworks */,
				BC7D408725E4A880002ABF23 /* Resources */,
			);
			buildRules = (
			);
			dependencies = (
			);
			name = VoodooUSBProvider15;
			productName = VoodooUSBProvider;
			productReference = BC7D408925E4A880002ABF23 /* VoodooUSBProvider15.kext */;
			productType = "com.apple.product-type.kernel-extension";
		};
		BC7D40A425E61AB0002ABF23 /* VoodooUSBProvider8 */ = {
			isa = PBXNativeTarget;
			buildConfigurationList = BC7D40AC25E61AB0002ABF23 /* Build configuration list for PBXNativeTarget "VoodooUSBProvider8" */;
			buildPhases = (
				BC7D40A025E61AB0002ABF23 /* Headers */,
				BC7D40A125E61AB0002ABF23 /* Sources */,
				BC7D40A225E61AB0002ABF23 /* Frameworks */,
				BC7D40A325E61AB0002ABF23 /* Resources */,
			);
			buildRules = (
			);
			dependencies = (
			);
			name = VoodooUSBProvider8;
			productName = VoodooUSBProviderLegacy;
			productReference = BC7D40A525E61AB0002ABF23 /* VoodooUSBProvider8.kext */;
			productType = "com.apple.product-type.kernel-extension";
		};
		BC7D40B625E61C7C002ABF23 /* VoodooUSBProvider11 */ = {
			isa = PBXNativeTarget;
			buildConfigurationList = BC7D40BE25E61C7C002ABF23 /* Build configuration list for PBXNativeTarget "VoodooUSBProvider11" */;
			buildPhases = (
				BC7D40B225E61C7C002ABF23 /* Headers */,
				BC7D40B325E61C7C002ABF23 /* Sources */,
				BC7D40B425E61C7C002ABF23 /* Frameworks */,
				BC7D40B525E61C7C002ABF23 /* Resources */,
			);
			buildRules = (
			);
			dependencies = (
			);
			name = VoodooUSBProvider11;
			productName = VoodooUSBProvider11;
			productReference = BC7D40B725E61C7C002ABF23 /* VoodooUSBProvider11.kext */;
			productType = "com.apple.product-type.kernel-extension";
		};
/* End PBXNativeTarget section */

/* Begin PBXProject section */
		BC7D408025E4A880002ABF23 /* Project object */ = {
			isa = PBXProject;
			attributes = {
				LastUpgradeCheck = 1130;
				ORGANIZATIONNAME = "Charlie Jiang";
				TargetAttributes = {
					BC7D408825E4A880002ABF23 = {
						CreatedOnToolsVersion = 11.3.1;
					};
					BC7D40A425E61AB0002ABF23 = {
						CreatedOnToolsVersion = 11.3.1;
					};
					BC7D40B625E61C7C002ABF23 = {
						CreatedOnToolsVersion = 11.3.1;
					};
				};
			};
			buildConfigurationList = BC7D408325E4A880002ABF23 /* Build configuration list for PBXProject "VoodooUSBProvider" */;
			compatibilityVersion = "Xcode 9.3";
			developmentRegion = en;
			hasScannedForEncodings = 0;
			knownRegions = (
				en,
				Base,
			);
			mainGroup = BC7D407F25E4A880002ABF23;
			productRefGroup = BC7D408A25E4A880002ABF23 /* Products */;
			projectDirPath = "";
			projectRoot = "";
			targets = (
				BC7D408825E4A880002ABF23 /* VoodooUSBProvider15 */,
				BC7D40B625E61C7C002ABF23 /* VoodooUSBProvider11 */,
				BC7D40A425E61AB0002ABF23 /* VoodooUSBProvider8 */,
			);
		};
/* End PBXProject section */

/* Begin PBXResourcesBuildPhase section */
		BC7D408725E4A880002ABF23 /* Resources */ = {
			isa = PBXResourcesBuildPhase;
			buildActionMask = 2147483647;
			files = (
				BC7D409D25E4ACCA002ABF23 /* MacKernelSDK in Resources */,
			);
			runOnlyForDeploymentPostprocessing = 0;
		};
		BC7D40A325E61AB0002ABF23 /* Resources */ = {
			isa = PBXResourcesBuildPhase;
			buildActionMask = 2147483647;
			files = (
			);
			runOnlyForDeploymentPostprocessing = 0;
		};
		BC7D40B525E61C7C002ABF23 /* Resources */ = {
			isa = PBXResourcesBuildPhase;
			buildActionMask = 2147483647;
			files = (
			);
			runOnlyForDeploymentPostprocessing = 0;
		};
/* End PBXResourcesBuildPhase section */

/* Begin PBXSourcesBuildPhase section */
		BC7D408525E4A880002ABF23 /* Sources */ = {
			isa = PBXSourcesBuildPhase;
			buildActionMask = 2147483647;
			files = (
				BC7D409925E4A97C002ABF23 /* VoodooUSBHostProvider.cpp in Sources */,
			);
			runOnlyForDeploymentPostprocessing = 0;
		};
		BC7D40A125E61AB0002ABF23 /* Sources */ = {
			isa = PBXSourcesBuildPhase;
			buildActionMask = 2147483647;
			files = (
				BC7D40B125E61AFD002ABF23 /* VodooUSBProvider.cpp in Sources */,
			);
			runOnlyForDeploymentPostprocessing = 0;
		};
		BC7D40B325E61C7C002ABF23 /* Sources */ = {
			isa = PBXSourcesBuildPhase;
			buildActionMask = 2147483647;
			files = (
				BC7D40C325E61D17002ABF23 /* VoodooUSBHostProvider.cpp in Sources */,
			);
			runOnlyForDeploymentPostprocessing = 0;
		};
/* End PBXSourcesBuildPhase section */

/* Begin XCBuildConfiguration section */
		BC7D409125E4A880002ABF23 /* Debug */ = {
			isa = XCBuildConfiguration;
			buildSettings = {
				ALWAYS_SEARCH_USER_PATHS = NO;
				CLANG_ANALYZER_NONNULL = YES;
				CLANG_ANALYZER_NUMBER_OBJECT_CONVERSION = YES_AGGRESSIVE;
				CLANG_CXX_LANGUAGE_STANDARD = "gnu++14";
				CLANG_CXX_LIBRARY = "libc++";
				CLANG_ENABLE_MODULES = YES;
				CLANG_ENABLE_OBJC_ARC = YES;
				CLANG_ENABLE_OBJC_WEAK = YES;
				CLANG_WARN_BLOCK_CAPTURE_AUTORELEASING = YES;
				CLANG_WARN_BOOL_CONVERSION = YES;
				CLANG_WARN_COMMA = YES;
				CLANG_WARN_CONSTANT_CONVERSION = YES;
				CLANG_WARN_DEPRECATED_OBJC_IMPLEMENTATIONS = YES;
				CLANG_WARN_DIRECT_OBJC_ISA_USAGE = YES_ERROR;
				CLANG_WARN_DOCUMENTATION_COMMENTS = YES;
				CLANG_WARN_EMPTY_BODY = YES;
				CLANG_WARN_ENUM_CONVERSION = YES;
				CLANG_WARN_INFINITE_RECURSION = YES;
				CLANG_WARN_INT_CONVERSION = YES;
				CLANG_WARN_NON_LITERAL_NULL_CONVERSION = YES;
				CLANG_WARN_OBJC_IMPLICIT_RETAIN_SELF = YES;
				CLANG_WARN_OBJC_LITERAL_CONVERSION = YES;
				CLANG_WARN_OBJC_ROOT_CLASS = YES_ERROR;
				CLANG_WARN_RANGE_LOOP_ANALYSIS = YES;
				CLANG_WARN_STRICT_PROTOTYPES = YES;
				CLANG_WARN_SUSPICIOUS_MOVE = YES;
				CLANG_WARN_UNGUARDED_AVAILABILITY = YES_AGGRESSIVE;
				CLANG_WARN_UNREACHABLE_CODE = YES;
				CLANG_WARN__DUPLICATE_METHOD_MATCH = YES;
				COPY_PHASE_STRIP = NO;
				DEBUG_INFORMATION_FORMAT = dwarf;
				ENABLE_STRICT_OBJC_MSGSEND = YES;
				ENABLE_TESTABILITY = YES;
				GCC_C_LANGUAGE_STANDARD = gnu11;
				GCC_DYNAMIC_NO_PIC = NO;
				GCC_NO_COMMON_BLOCKS = YES;
				GCC_OPTIMIZATION_LEVEL = 0;
				GCC_PREPROCESSOR_DEFINITIONS = (
					"DEBUG=1",
					"$(inherited)",
				);
				GCC_WARN_64_TO_32_BIT_CONVERSION = YES;
				GCC_WARN_ABOUT_RETURN_TYPE = YES_ERROR;
				GCC_WARN_UNDECLARED_SELECTOR = YES;
				GCC_WARN_UNINITIALIZED_AUTOS = YES_AGGRESSIVE;
				GCC_WARN_UNUSED_FUNCTION = YES;
				GCC_WARN_UNUSED_VARIABLE = YES;
				MACOSX_DEPLOYMENT_TARGET = 10.8;
				MTL_ENABLE_DEBUG_INFO = INCLUDE_SOURCE;
				MTL_FAST_MATH = YES;
				ONLY_ACTIVE_ARCH = YES;
				SDKROOT = macosx;
			};
			name = Debug;
		};
		BC7D409225E4A880002ABF23 /* Release */ = {
			isa = XCBuildConfiguration;
			buildSettings = {
				ALWAYS_SEARCH_USER_PATHS = NO;
				CLANG_ANALYZER_NONNULL = YES;
				CLANG_ANALYZER_NUMBER_OBJECT_CONVERSION = YES_AGGRESSIVE;
				CLANG_CXX_LANGUAGE_STANDARD = "gnu++14";
				CLANG_CXX_LIBRARY = "libc++";
				CLANG_ENABLE_MODULES = YES;
				CLANG_ENABLE_OBJC_ARC = YES;
				CLANG_ENABLE_OBJC_WEAK = YES;
				CLANG_WARN_BLOCK_CAPTURE_AUTORELEASING = YES;
				CLANG_WARN_BOOL_CONVERSION = YES;
				CLANG_WARN_COMMA = YES;
				CLANG_WARN_CONSTANT_CONVERSION = YES;
				CLANG_WARN_DEPRECATED_OBJC_IMPLEMENTATIONS = YES;
				CLANG_WARN_DIRECT_OBJC_ISA_USAGE = YES_ERROR;
				CLANG_WARN_DOCUMENTATION_COMMENTS = YES;
				CLANG_WARN_EMPTY_BODY = YES;
				CLANG_WARN_ENUM_CONVERSION = YES;
				CLANG_WARN_INFINITE_RECURSION = YES;
				CLANG_WARN_INT_CONVERSION = YES;
				CLANG_WARN_NON_LITERAL_NULL_CONVERSION = YES;
				CLANG_WARN_OBJC_IMPLICIT_RETAIN_SELF = YES;
				CLANG_WARN_OBJC_LITERAL_CONVERSION = YES;
				CLANG_WARN_OBJC_ROOT_CLASS = YES_ERROR;
				CLANG_WARN_RANGE_LOOP_ANALYSIS = YES;
				CLANG_WARN_STRICT_PROTOTYPES = YES;
				CLANG_WARN_SUSPICIOUS_MOVE = YES;
				CLANG_WARN_UNGUARDED_AVAILABILITY = YES_AGGRESSIVE;
				CLANG_WARN_UNREACHABLE_CODE = YES;
				CLANG_WARN__DUPLICATE_METHOD_MATCH = YES;
				COPY_PHASE_STRIP = NO;
				DEBUG_INFORMATION_FORMAT = "dwarf-with-dsym";
				ENABLE_NS_ASSERTIONS = NO;
				ENABLE_STRICT_OBJC_MSGSEND = YES;
				GCC_C_LANGUAGE_STANDARD = gnu11;
				GCC_NO_COMMON_BLOCKS = YES;
				GCC_WARN_64_TO_32_BIT_CONVERSION = YES;
				GCC_WARN_ABOUT_RETURN_TYPE = YES_ERROR;
				GCC_WARN_UNDECLARED_SELECTOR = YES;
				GCC_WARN_UNINITIALIZED_AUTOS = YES_AGGRESSIVE;
				GCC_WARN_UNUSED_FUNCTION = YES;
				GCC_WARN_UNUSED_VARIABLE = YES;
				MACOSX_DEPLOYMENT_TARGET = 10.8;
				MTL_ENABLE_DEBUG_INFO = NO;
				MTL_FAST_MATH = YES;
				SDKROOT = macosx;
			};
			name = Release;
		};
		BC7D409425E4A880002ABF23 /* Debug */ = {
			isa = XCBuildConfiguration;
			buildSettings = {
				CODE_SIGN_STYLE = Automatic;
				COMBINE_HIDPI_IMAGES = YES;
				CURRENT_PROJECT_VERSION = 1.0.0d1;
				GCC_PREPROCESSOR_DEFINITIONS = (
					"TARGET_CATALINA=1",
					"DEBUG=1",
				);
				HEADER_SEARCH_PATHS = "\"$(SRCROOT)/MacKernelSDK/Headers\"";
				INFOPLIST_FILE = VoodooUSBProvider/Info.plist;
				KERNEL_EXTENSION_HEADER_SEARCH_PATHS = "$(PROJECT_DIR)/MacKernelSDK/Headers";
				KERNEL_FRAMEWORK_HEADERS = "$(PROJECT_DIR)/MacKernelSDK/Headers";
				MACOSX_DEPLOYMENT_TARGET = 10.8;
				MODULE_NAME = com.cjiang.VoodooUSBProvider;
				MODULE_VERSION = 1.0.0d1;
				PRODUCT_BUNDLE_IDENTIFIER = com.cjiang.VoodooUSBProvider;
				PRODUCT_NAME = "$(TARGET_NAME)";
				WRAPPER_EXTENSION = kext;
			};
			name = Debug;
		};
		BC7D409525E4A880002ABF23 /* Release */ = {
			isa = XCBuildConfiguration;
			buildSettings = {
				CODE_SIGN_STYLE = Automatic;
				COMBINE_HIDPI_IMAGES = YES;
				CURRENT_PROJECT_VERSION = 1.0.0d1;
				GCC_PREPROCESSOR_DEFINITIONS = "TARGET_CATALINA=1";
				HEADER_SEARCH_PATHS = "\"$(SRCROOT)/MacKernelSDK/Headers\"";
				INFOPLIST_FILE = VoodooUSBProvider/Info.plist;
				KERNEL_EXTENSION_HEADER_SEARCH_PATHS = "$(PROJECT_DIR)/MacKernelSDK/Headers";
				KERNEL_FRAMEWORK_HEADERS = "$(PROJECT_DIR)/MacKernelSDK/Headers";
				MACOSX_DEPLOYMENT_TARGET = 10.8;
				MODULE_NAME = com.cjiang.VoodooUSBProvider;
				MODULE_VERSION = 1.0.0d1;
				PRODUCT_BUNDLE_IDENTIFIER = com.cjiang.VoodooUSBProvider;
				PRODUCT_NAME = "$(TARGET_NAME)";
				WRAPPER_EXTENSION = kext;
			};
			name = Release;
		};
		BC7D40AD25E61AB0002ABF23 /* Debug */ = {
			isa = XCBuildConfiguration;
			buildSettings = {
				CODE_SIGN_STYLE = Automatic;
				COMBINE_HIDPI_IMAGES = YES;
				CURRENT_PROJECT_VERSION = 1.0.0d1;
				GCC_PREPROCESSOR_DEFINITIONS = (
					"TARGET_MAVERICKS=1",
					"DEBUG=1",
				);
				INFOPLIST_FILE = VoodooUSBProviderLegacy/Info.plist;
				MACOSX_DEPLOYMENT_TARGET = 10.8;
				MODULE_NAME = com.cjiang.VoodooUSBProviderLegacy;
				MODULE_VERSION = 1.0.0d1;
				PRODUCT_BUNDLE_IDENTIFIER = com.cjiang.VoodooUSBProviderLegacy;
				PRODUCT_NAME = "$(TARGET_NAME)";
				WRAPPER_EXTENSION = kext;
			};
			name = Debug;
		};
		BC7D40AE25E61AB0002ABF23 /* Release */ = {
			isa = XCBuildConfiguration;
			buildSettings = {
				CODE_SIGN_STYLE = Automatic;
				COMBINE_HIDPI_IMAGES = YES;
				CURRENT_PROJECT_VERSION = 1.0.0d1;
				GCC_PREPROCESSOR_DEFINITIONS = "TARGET_MAVERICKS=1";
				INFOPLIST_FILE = VoodooUSBProviderLegacy/Info.plist;
				MACOSX_DEPLOYMENT_TARGET = 10.8;
				MODULE_NAME = com.cjiang.VoodooUSBProviderLegacy;
				MODULE_VERSION = 1.0.0d1;
				PRODUCT_BUNDLE_IDENTIFIER = com.cjiang.VoodooUSBProviderLegacy;
				PRODUCT_NAME = "$(TARGET_NAME)";
				WRAPPER_EXTENSION = kext;
			};
			name = Release;
		};
		BC7D40BF25E61C7C002ABF23 /* Debug */ = {
			isa = XCBuildConfiguration;
			buildSettings = {
				CODE_SIGN_STYLE = Automatic;
				COMBINE_HIDPI_IMAGES = YES;
				CURRENT_PROJECT_VERSION = 1.0.0d1;
				GCC_PREPROCESSOR_DEFINITIONS = (
					"TARGET_ELCAPITAN=1",
					"DEBUG=1",
				);
				INFOPLIST_FILE = VoodooUSBProvider11/Info.plist;
				MACOSX_DEPLOYMENT_TARGET = 10.15;
				MODULE_NAME = com.cjiang.VoodooUSBProvider11;
				MODULE_VERSION = 1.0.0d1;
				PRODUCT_BUNDLE_IDENTIFIER = com.cjiang.VoodooUSBProvider11;
				PRODUCT_NAME = "$(TARGET_NAME)";
				WRAPPER_EXTENSION = kext;
			};
			name = Debug;
		};
		BC7D40C025E61C7C002ABF23 /* Release */ = {
			isa = XCBuildConfiguration;
			buildSettings = {
				CODE_SIGN_STYLE = Automatic;
				COMBINE_HIDPI_IMAGES = YES;
				CURRENT_PROJECT_VERSION = 1.0.0d1;
				GCC_PREPROCESSOR_DEFINITIONS = "TARGET_ELCAPITAN=1";
				INFOPLIST_FILE = VoodooUSBProvider11/Info.plist;
				MACOSX_DEPLOYMENT_TARGET = 10.15;
				MODULE_NAME = com.cjiang.VoodooUSBProvider11;
				MODULE_VERSION = 1.0.0d1;
				PRODUCT_BUNDLE_IDENTIFIER = com.cjiang.VoodooUSBProvider11;
				PRODUCT_NAME = "$(TARGET_NAME)";
				WRAPPER_EXTENSION = kext;
			};
			name = Release;
		};
/* End XCBuildConfiguration section */

/* Begin XCConfigurationList section */
		BC7D408325E4A880002ABF23 /* Build configuration list for PBXProject "VoodooUSBProvider" */ = {
			isa = XCConfigurationList;
			buildConfigurations = (
				BC7D409125E4A880002ABF23 /* Debug */,
				BC7D409225E4A880002ABF23 /* Release */,
			);
			defaultConfigurationIsVisible = 0;
			defaultConfigurationName = Release;
		};
		BC7D409325E4A880002ABF23 /* Build configuration list for PBXNativeTarget "VoodooUSBProvider15" */ = {
			isa = XCConfigurationList;
			buildConfigurations = (
				BC7D409425E4A880002ABF23 /* Debug */,
				BC7D409525E4A880002ABF23 /* Release */,
			);
			defaultConfigurationIsVisible = 0;
			defaultConfigurationName = Release;
		};
		BC7D40AC25E61AB0002ABF23 /* Build configuration list for PBXNativeTarget "VoodooUSBProvider8" */ = {
			isa = XCConfigurationList;
			buildConfigurations = (
				BC7D40AD25E61AB0002ABF23 /* Debug */,
				BC7D40AE25E61AB0002ABF23 /* Release */,
			);
			defaultConfigurationIsVisible = 0;
			defaultConfigurationName = Release;
		};
		BC7D40BE25E61C7C002ABF23 /* Build configuration list for PBXNativeTarget "VoodooUSBProvider11" */ = {
			isa = XCConfigurationList;
			buildConfigurations = (
				BC7D40BF25E61C7C002ABF23 /* Debug */,
				BC7D40C025E61C7C002ABF23 /* Release */,
			);
			defaultConfigurationIsVisible = 0;
			defaultConfigurationName = Release;
		};
/* End XCConfigurationList section */
	};
	rootObject = BC7D408025E4A880002ABF23 /* Project object */;
}
